// !$*UTF8*$!
{
	archiveVersion = 1;
	classes = {
	};
	objectVersion = 46;
	objects = {

/* Begin PBXBuildFile section */
		CB01F1A67BEB381B80CA3285 /* Pods_ChatExample.framework in Frameworks */ = {isa = PBXBuildFile; fileRef = A65BF354CBA4687D88341AC6 /* Pods_ChatExample.framework */; };
		DCE125BB1DE6EDF0003EFC56 /* AppDelegate.swift in Sources */ = {isa = PBXBuildFile; fileRef = DCE125BA1DE6EDF0003EFC56 /* AppDelegate.swift */; };
		DCE125BD1DE6EDF0003EFC56 /* ConversationViewController.swift in Sources */ = {isa = PBXBuildFile; fileRef = DCE125BC1DE6EDF0003EFC56 /* ConversationViewController.swift */; };
		DCE125C01DE6EDF0003EFC56 /* Main.storyboard in Resources */ = {isa = PBXBuildFile; fileRef = DCE125BE1DE6EDF0003EFC56 /* Main.storyboard */; };
		DCE125C21DE6EDF0003EFC56 /* Assets.xcassets in Resources */ = {isa = PBXBuildFile; fileRef = DCE125C11DE6EDF0003EFC56 /* Assets.xcassets */; };
		DCE125C51DE6EDF0003EFC56 /* LaunchScreen.storyboard in Resources */ = {isa = PBXBuildFile; fileRef = DCE125C31DE6EDF0003EFC56 /* LaunchScreen.storyboard */; };
		DCE125D01DE70F3E003EFC56 /* SocketManager.swift in Sources */ = {isa = PBXBuildFile; fileRef = DCE125CF1DE70F3E003EFC56 /* SocketManager.swift */; };
		DCE125D21DE72098003EFC56 /* ChatListViewController.swift in Sources */ = {isa = PBXBuildFile; fileRef = DCE125D11DE72098003EFC56 /* ChatListViewController.swift */; };
		DCE125D51DE72119003EFC56 /* ENChat.swift in Sources */ = {isa = PBXBuildFile; fileRef = DCE125D41DE72119003EFC56 /* ENChat.swift */; };
		DCE125D81DE7298A003EFC56 /* Router.swift in Sources */ = {isa = PBXBuildFile; fileRef = DCE125D71DE7298A003EFC56 /* Router.swift */; };
		DCE125DA1DE72A29003EFC56 /* RTChat.swift in Sources */ = {isa = PBXBuildFile; fileRef = DCE125D91DE72A29003EFC56 /* RTChat.swift */; };
		DCE125DC1DE72B9C003EFC56 /* AlamofireHelpers.swift in Sources */ = {isa = PBXBuildFile; fileRef = DCE125DB1DE72B9C003EFC56 /* AlamofireHelpers.swift */; };
		DCE125E01DE72C1C003EFC56 /* RTErrors.swift in Sources */ = {isa = PBXBuildFile; fileRef = DCE125DE1DE72C1C003EFC56 /* RTErrors.swift */; };
		DCE125E11DE72C1C003EFC56 /* RTErrorsDescription.swift in Sources */ = {isa = PBXBuildFile; fileRef = DCE125DF1DE72C1C003EFC56 /* RTErrorsDescription.swift */; };
		DCE125E31DE73008003EFC56 /* RTMessages.swift in Sources */ = {isa = PBXBuildFile; fileRef = DCE125E21DE73008003EFC56 /* RTMessages.swift */; };
		DCE125E51DE73049003EFC56 /* ENMessage.swift in Sources */ = {isa = PBXBuildFile; fileRef = DCE125E41DE73049003EFC56 /* ENMessage.swift */; };
/* End PBXBuildFile section */

/* Begin PBXFileReference section */
		11F8C2B25C0ABD25B2E1B4CF /* Pods-ChatExample.debug.xcconfig */ = {isa = PBXFileReference; includeInIndex = 1; lastKnownFileType = text.xcconfig; name = "Pods-ChatExample.debug.xcconfig"; path = "Pods/Target Support Files/Pods-ChatExample/Pods-ChatExample.debug.xcconfig"; sourceTree = "<group>"; };
		A65BF354CBA4687D88341AC6 /* Pods_ChatExample.framework */ = {isa = PBXFileReference; explicitFileType = wrapper.framework; includeInIndex = 0; path = Pods_ChatExample.framework; sourceTree = BUILT_PRODUCTS_DIR; };
		A9508C93FE599B6AA90E9677 /* Pods-ChatExample.release.xcconfig */ = {isa = PBXFileReference; includeInIndex = 1; lastKnownFileType = text.xcconfig; name = "Pods-ChatExample.release.xcconfig"; path = "Pods/Target Support Files/Pods-ChatExample/Pods-ChatExample.release.xcconfig"; sourceTree = "<group>"; };
		DCE125B71DE6EDF0003EFC56 /* ChatExample.app */ = {isa = PBXFileReference; explicitFileType = wrapper.application; includeInIndex = 0; path = ChatExample.app; sourceTree = BUILT_PRODUCTS_DIR; };
		DCE125BA1DE6EDF0003EFC56 /* AppDelegate.swift */ = {isa = PBXFileReference; lastKnownFileType = sourcecode.swift; path = AppDelegate.swift; sourceTree = "<group>"; };
		DCE125BC1DE6EDF0003EFC56 /* ConversationViewController.swift */ = {isa = PBXFileReference; lastKnownFileType = sourcecode.swift; path = ConversationViewController.swift; sourceTree = "<group>"; };
		DCE125BF1DE6EDF0003EFC56 /* Base */ = {isa = PBXFileReference; lastKnownFileType = file.storyboard; name = Base; path = Base.lproj/Main.storyboard; sourceTree = "<group>"; };
		DCE125C11DE6EDF0003EFC56 /* Assets.xcassets */ = {isa = PBXFileReference; lastKnownFileType = folder.assetcatalog; path = Assets.xcassets; sourceTree = "<group>"; };
		DCE125C41DE6EDF0003EFC56 /* Base */ = {isa = PBXFileReference; lastKnownFileType = file.storyboard; name = Base; path = Base.lproj/LaunchScreen.storyboard; sourceTree = "<group>"; };
		DCE125C61DE6EDF0003EFC56 /* Info.plist */ = {isa = PBXFileReference; lastKnownFileType = text.plist.xml; path = Info.plist; sourceTree = "<group>"; };
		DCE125CD1DE6F3C3003EFC56 /* BridgeHeader.h */ = {isa = PBXFileReference; lastKnownFileType = sourcecode.c.h; path = BridgeHeader.h; sourceTree = "<group>"; };
		DCE125CF1DE70F3E003EFC56 /* SocketManager.swift */ = {isa = PBXFileReference; fileEncoding = 4; lastKnownFileType = sourcecode.swift; path = SocketManager.swift; sourceTree = "<group>"; };
		DCE125D11DE72098003EFC56 /* ChatListViewController.swift */ = {isa = PBXFileReference; fileEncoding = 4; lastKnownFileType = sourcecode.swift; path = ChatListViewController.swift; sourceTree = "<group>"; };
		DCE125D41DE72119003EFC56 /* ENChat.swift */ = {isa = PBXFileReference; fileEncoding = 4; lastKnownFileType = sourcecode.swift; path = ENChat.swift; sourceTree = "<group>"; };
		DCE125D71DE7298A003EFC56 /* Router.swift */ = {isa = PBXFileReference; fileEncoding = 4; lastKnownFileType = sourcecode.swift; path = Router.swift; sourceTree = "<group>"; };
		DCE125D91DE72A29003EFC56 /* RTChat.swift */ = {isa = PBXFileReference; fileEncoding = 4; lastKnownFileType = sourcecode.swift; path = RTChat.swift; sourceTree = "<group>"; };
		DCE125DB1DE72B9C003EFC56 /* AlamofireHelpers.swift */ = {isa = PBXFileReference; fileEncoding = 4; lastKnownFileType = sourcecode.swift; path = AlamofireHelpers.swift; sourceTree = "<group>"; };
		DCE125DE1DE72C1C003EFC56 /* RTErrors.swift */ = {isa = PBXFileReference; fileEncoding = 4; lastKnownFileType = sourcecode.swift; path = RTErrors.swift; sourceTree = "<group>"; };
		DCE125DF1DE72C1C003EFC56 /* RTErrorsDescription.swift */ = {isa = PBXFileReference; fileEncoding = 4; lastKnownFileType = sourcecode.swift; path = RTErrorsDescription.swift; sourceTree = "<group>"; };
		DCE125E21DE73008003EFC56 /* RTMessages.swift */ = {isa = PBXFileReference; fileEncoding = 4; lastKnownFileType = sourcecode.swift; path = RTMessages.swift; sourceTree = "<group>"; };
		DCE125E41DE73049003EFC56 /* ENMessage.swift */ = {isa = PBXFileReference; fileEncoding = 4; lastKnownFileType = sourcecode.swift; path = ENMessage.swift; sourceTree = "<group>"; };
/* End PBXFileReference section */

/* Begin PBXFrameworksBuildPhase section */
		DCE125B41DE6EDF0003EFC56 /* Frameworks */ = {
			isa = PBXFrameworksBuildPhase;
			buildActionMask = 2147483647;
			files = (
				CB01F1A67BEB381B80CA3285 /* Pods_ChatExample.framework in Frameworks */,
			);
			runOnlyForDeploymentPostprocessing = 0;
		};
/* End PBXFrameworksBuildPhase section */

/* Begin PBXGroup section */
		DCE125AE1DE6EDF0003EFC56 = {
			isa = PBXGroup;
			children = (
				DCE125B91DE6EDF0003EFC56 /* ChatExample */,
				DCE125B81DE6EDF0003EFC56 /* Products */,
				DE494C4E2A935BF1BDD3C1B0 /* Pods */,
				F94AE55F68EA740F4CEFCBAD /* Frameworks */,
			);
			sourceTree = "<group>";
		};
		DCE125B81DE6EDF0003EFC56 /* Products */ = {
			isa = PBXGroup;
			children = (
				DCE125B71DE6EDF0003EFC56 /* ChatExample.app */,
			);
			name = Products;
			sourceTree = "<group>";
		};
		DCE125B91DE6EDF0003EFC56 /* ChatExample */ = {
			isa = PBXGroup;
			children = (
				DCE125C11DE6EDF0003EFC56 /* Assets.xcassets */,
				DCE125BA1DE6EDF0003EFC56 /* AppDelegate.swift */,
				DCE125D11DE72098003EFC56 /* ChatListViewController.swift */,
				DCE125BC1DE6EDF0003EFC56 /* ConversationViewController.swift */,
				DCE125C31DE6EDF0003EFC56 /* LaunchScreen.storyboard */,
				DCE125BE1DE6EDF0003EFC56 /* Main.storyboard */,
				DCE125D61DE7294C003EFC56 /* API */,
				DCE125D31DE7210E003EFC56 /* Database */,
				DCE125CE1DE70EFC003EFC56 /* Servises */,
				DCE125CC1DE6F3AA003EFC56 /* SupportingFiles */,
			);
			path = ChatExample;
			sourceTree = "<group>";
		};
		DCE125CC1DE6F3AA003EFC56 /* SupportingFiles */ = {
			isa = PBXGroup;
			children = (
				DCE125C61DE6EDF0003EFC56 /* Info.plist */,
				DCE125CD1DE6F3C3003EFC56 /* BridgeHeader.h */,
			);
			name = SupportingFiles;
			sourceTree = "<group>";
		};
		DCE125CE1DE70EFC003EFC56 /* Servises */ = {
			isa = PBXGroup;
			children = (
				DCE125CF1DE70F3E003EFC56 /* SocketManager.swift */,
			);
			name = Servises;
			sourceTree = "<group>";
		};
		DCE125D31DE7210E003EFC56 /* Database */ = {
			isa = PBXGroup;
			children = (
				DCE125D41DE72119003EFC56 /* ENChat.swift */,
				DCE125E41DE73049003EFC56 /* ENMessage.swift */,
			);
			name = Database;
			sourceTree = "<group>";
		};
		DCE125D61DE7294C003EFC56 /* API */ = {
			isa = PBXGroup;
			children = (
				DCE125DB1DE72B9C003EFC56 /* AlamofireHelpers.swift */,
				DCE125D71DE7298A003EFC56 /* Router.swift */,
				DCE125D91DE72A29003EFC56 /* RTChat.swift */,
				DCE125E21DE73008003EFC56 /* RTMessages.swift */,
				DCE125DD1DE72BC6003EFC56 /* Errors */,
			);
			name = API;
			sourceTree = "<group>";
		};
		DCE125DD1DE72BC6003EFC56 /* Errors */ = {
			isa = PBXGroup;
			children = (
				DCE125DE1DE72C1C003EFC56 /* RTErrors.swift */,
				DCE125DF1DE72C1C003EFC56 /* RTErrorsDescription.swift */,
			);
			name = Errors;
			sourceTree = "<group>";
		};
		DE494C4E2A935BF1BDD3C1B0 /* Pods */ = {
			isa = PBXGroup;
			children = (
				11F8C2B25C0ABD25B2E1B4CF /* Pods-ChatExample.debug.xcconfig */,
				A9508C93FE599B6AA90E9677 /* Pods-ChatExample.release.xcconfig */,
			);
			name = Pods;
			sourceTree = "<group>";
		};
		F94AE55F68EA740F4CEFCBAD /* Frameworks */ = {
			isa = PBXGroup;
			children = (
				A65BF354CBA4687D88341AC6 /* Pods_ChatExample.framework */,
			);
			name = Frameworks;
			sourceTree = "<group>";
		};
/* End PBXGroup section */

/* Begin PBXNativeTarget section */
		DCE125B61DE6EDF0003EFC56 /* ChatExample */ = {
			isa = PBXNativeTarget;
			buildConfigurationList = DCE125C91DE6EDF0003EFC56 /* Build configuration list for PBXNativeTarget "ChatExample" */;
			buildPhases = (
				2A1AE7F5D2490FDDF90144B4 /* [CP] Check Pods Manifest.lock */,
				DCE125B31DE6EDF0003EFC56 /* Sources */,
				DCE125B41DE6EDF0003EFC56 /* Frameworks */,
				DCE125B51DE6EDF0003EFC56 /* Resources */,
				3BAF3AE046030DBE6D22A6FF /* [CP] Embed Pods Frameworks */,
				46695E3FD0FDBDAAE6491F96 /* [CP] Copy Pods Resources */,
			);
			buildRules = (
			);
			dependencies = (
			);
			name = ChatExample;
			productName = ChatExample;
			productReference = DCE125B71DE6EDF0003EFC56 /* ChatExample.app */;
			productType = "com.apple.product-type.application";
		};
/* End PBXNativeTarget section */

/* Begin PBXProject section */
		DCE125AF1DE6EDF0003EFC56 /* Project object */ = {
			isa = PBXProject;
			attributes = {
				LastSwiftUpdateCheck = 0810;
				LastUpgradeCheck = 0810;
				ORGANIZATIONNAME = Flatstack;
				TargetAttributes = {
					DCE125B61DE6EDF0003EFC56 = {
						CreatedOnToolsVersion = 8.1;
						DevelopmentTeam = Y49MTY8CU2;
						ProvisioningStyle = Automatic;
					};
				};
			};
			buildConfigurationList = DCE125B21DE6EDF0003EFC56 /* Build configuration list for PBXProject "ChatExample" */;
			compatibilityVersion = "Xcode 3.2";
			developmentRegion = English;
			hasScannedForEncodings = 0;
			knownRegions = (
				en,
				Base,
			);
			mainGroup = DCE125AE1DE6EDF0003EFC56;
			productRefGroup = DCE125B81DE6EDF0003EFC56 /* Products */;
			projectDirPath = "";
			projectRoot = "";
			targets = (
				DCE125B61DE6EDF0003EFC56 /* ChatExample */,
			);
		};
/* End PBXProject section */

/* Begin PBXResourcesBuildPhase section */
		DCE125B51DE6EDF0003EFC56 /* Resources */ = {
			isa = PBXResourcesBuildPhase;
			buildActionMask = 2147483647;
			files = (
				DCE125C51DE6EDF0003EFC56 /* LaunchScreen.storyboard in Resources */,
				DCE125C21DE6EDF0003EFC56 /* Assets.xcassets in Resources */,
				DCE125C01DE6EDF0003EFC56 /* Main.storyboard in Resources */,
			);
			runOnlyForDeploymentPostprocessing = 0;
		};
/* End PBXResourcesBuildPhase section */

/* Begin PBXShellScriptBuildPhase section */
		2A1AE7F5D2490FDDF90144B4 /* [CP] Check Pods Manifest.lock */ = {
			isa = PBXShellScriptBuildPhase;
			buildActionMask = 2147483647;
			files = (
			);
			inputPaths = (
			);
			name = "[CP] Check Pods Manifest.lock";
			outputPaths = (
			);
			runOnlyForDeploymentPostprocessing = 0;
			shellPath = /bin/sh;
			shellScript = "diff \"${PODS_ROOT}/../Podfile.lock\" \"${PODS_ROOT}/Manifest.lock\" > /dev/null\nif [[ $? != 0 ]] ; then\n    cat << EOM\nerror: The sandbox is not in sync with the Podfile.lock. Run 'pod install' or update your CocoaPods installation.\nEOM\n    exit 1\nfi\n";
			showEnvVarsInLog = 0;
		};
		3BAF3AE046030DBE6D22A6FF /* [CP] Embed Pods Frameworks */ = {
			isa = PBXShellScriptBuildPhase;
			buildActionMask = 2147483647;
			files = (
			);
			inputPaths = (
			);
			name = "[CP] Embed Pods Frameworks";
			outputPaths = (
			);
			runOnlyForDeploymentPostprocessing = 0;
			shellPath = /bin/sh;
			shellScript = "\"${SRCROOT}/Pods/Target Support Files/Pods-ChatExample/Pods-ChatExample-frameworks.sh\"\n";
			showEnvVarsInLog = 0;
		};
		46695E3FD0FDBDAAE6491F96 /* [CP] Copy Pods Resources */ = {
			isa = PBXShellScriptBuildPhase;
			buildActionMask = 2147483647;
			files = (
			);
			inputPaths = (
			);
			name = "[CP] Copy Pods Resources";
			outputPaths = (
			);
			runOnlyForDeploymentPostprocessing = 0;
			shellPath = /bin/sh;
			shellScript = "\"${SRCROOT}/Pods/Target Support Files/Pods-ChatExample/Pods-ChatExample-resources.sh\"\n";
			showEnvVarsInLog = 0;
		};
/* End PBXShellScriptBuildPhase section */

/* Begin PBXSourcesBuildPhase section */
		DCE125B31DE6EDF0003EFC56 /* Sources */ = {
			isa = PBXSourcesBuildPhase;
			buildActionMask = 2147483647;
			files = (
				DCE125E31DE73008003EFC56 /* RTMessages.swift in Sources */,
				DCE125DA1DE72A29003EFC56 /* RTChat.swift in Sources */,
				DCE125E01DE72C1C003EFC56 /* RTErrors.swift in Sources */,
				DCE125BD1DE6EDF0003EFC56 /* ConversationViewController.swift in Sources */,
				DCE125D01DE70F3E003EFC56 /* SocketManager.swift in Sources */,
				DCE125D21DE72098003EFC56 /* ChatListViewController.swift in Sources */,
				DCE125E51DE73049003EFC56 /* ENMessage.swift in Sources */,
				DCE125DC1DE72B9C003EFC56 /* AlamofireHelpers.swift in Sources */,
				DCE125D51DE72119003EFC56 /* ENChat.swift in Sources */,
				DCE125E11DE72C1C003EFC56 /* RTErrorsDescription.swift in Sources */,
				DCE125D81DE7298A003EFC56 /* Router.swift in Sources */,
				DCE125BB1DE6EDF0003EFC56 /* AppDelegate.swift in Sources */,
			);
			runOnlyForDeploymentPostprocessing = 0;
		};
/* End PBXSourcesBuildPhase section */

/* Begin PBXVariantGroup section */
		DCE125BE1DE6EDF0003EFC56 /* Main.storyboard */ = {
			isa = PBXVariantGroup;
			children = (
				DCE125BF1DE6EDF0003EFC56 /* Base */,
			);
			name = Main.storyboard;
			sourceTree = "<group>";
		};
		DCE125C31DE6EDF0003EFC56 /* LaunchScreen.storyboard */ = {
			isa = PBXVariantGroup;
			children = (
				DCE125C41DE6EDF0003EFC56 /* Base */,
			);
			name = LaunchScreen.storyboard;
			sourceTree = "<group>";
		};
/* End PBXVariantGroup section */

/* Begin XCBuildConfiguration section */
		DCE125C71DE6EDF0003EFC56 /* Debug */ = {
			isa = XCBuildConfiguration;
			buildSettings = {
				ALWAYS_SEARCH_USER_PATHS = NO;
				CLANG_ANALYZER_NONNULL = YES;
				CLANG_CXX_LANGUAGE_STANDARD = "gnu++0x";
				CLANG_CXX_LIBRARY = "libc++";
				CLANG_ENABLE_MODULES = YES;
				CLANG_ENABLE_OBJC_ARC = YES;
				CLANG_WARN_BOOL_CONVERSION = YES;
				CLANG_WARN_CONSTANT_CONVERSION = YES;
				CLANG_WARN_DIRECT_OBJC_ISA_USAGE = YES_ERROR;
				CLANG_WARN_DOCUMENTATION_COMMENTS = YES;
				CLANG_WARN_EMPTY_BODY = YES;
				CLANG_WARN_ENUM_CONVERSION = YES;
				CLANG_WARN_INFINITE_RECURSION = YES;
				CLANG_WARN_INT_CONVERSION = YES;
				CLANG_WARN_OBJC_ROOT_CLASS = YES_ERROR;
				CLANG_WARN_SUSPICIOUS_MOVES = YES;
				CLANG_WARN_UNREACHABLE_CODE = YES;
				CLANG_WARN__DUPLICATE_METHOD_MATCH = YES;
				"CODE_SIGN_IDENTITY[sdk=iphoneos*]" = "iPhone Developer";
				COPY_PHASE_STRIP = NO;
				DEBUG_INFORMATION_FORMAT = dwarf;
				ENABLE_STRICT_OBJC_MSGSEND = YES;
				ENABLE_TESTABILITY = YES;
				GCC_C_LANGUAGE_STANDARD = gnu99;
				GCC_DYNAMIC_NO_PIC = NO;
				GCC_NO_COMMON_BLOCKS = YES;
				GCC_OPTIMIZATION_LEVEL = 0;
				GCC_PREPROCESSOR_DEFINITIONS = (
					"DEBUG=1",
					"$(inherited)",
				);
				GCC_WARN_64_TO_32_BIT_CONVERSION = YES;
				GCC_WARN_ABOUT_RETURN_TYPE = YES_ERROR;
				GCC_WARN_UNDECLARED_SELECTOR = YES;
				GCC_WARN_UNINITIALIZED_AUTOS = YES_AGGRESSIVE;
				GCC_WARN_UNUSED_FUNCTION = YES;
				GCC_WARN_UNUSED_VARIABLE = YES;
				IPHONEOS_DEPLOYMENT_TARGET = 10.1;
				MTL_ENABLE_DEBUG_INFO = YES;
				ONLY_ACTIVE_ARCH = YES;
				SDKROOT = iphoneos;
				SWIFT_ACTIVE_COMPILATION_CONDITIONS = DEBUG;
				SWIFT_OPTIMIZATION_LEVEL = "-Onone";
				TARGETED_DEVICE_FAMILY = "1,2";
			};
			name = Debug;
		};
		DCE125C81DE6EDF0003EFC56 /* Release */ = {
			isa = XCBuildConfiguration;
			buildSettings = {
				ALWAYS_SEARCH_USER_PATHS = NO;
				CLANG_ANALYZER_NONNULL = YES;
				CLANG_CXX_LANGUAGE_STANDARD = "gnu++0x";
				CLANG_CXX_LIBRARY = "libc++";
				CLANG_ENABLE_MODULES = YES;
				CLANG_ENABLE_OBJC_ARC = YES;
				CLANG_WARN_BOOL_CONVERSION = YES;
				CLANG_WARN_CONSTANT_CONVERSION = YES;
				CLANG_WARN_DIRECT_OBJC_ISA_USAGE = YES_ERROR;
				CLANG_WARN_DOCUMENTATION_COMMENTS = YES;
				CLANG_WARN_EMPTY_BODY = YES;
				CLANG_WARN_ENUM_CONVERSION = YES;
				CLANG_WARN_INFINITE_RECURSION = YES;
				CLANG_WARN_INT_CONVERSION = YES;
				CLANG_WARN_OBJC_ROOT_CLASS = YES_ERROR;
				CLANG_WARN_SUSPICIOUS_MOVES = YES;
				CLANG_WARN_UNREACHABLE_CODE = YES;
				CLANG_WARN__DUPLICATE_METHOD_MATCH = YES;
				"CODE_SIGN_IDENTITY[sdk=iphoneos*]" = "iPhone Developer";
				COPY_PHASE_STRIP = NO;
				DEBUG_INFORMATION_FORMAT = "dwarf-with-dsym";
				ENABLE_NS_ASSERTIONS = NO;
				ENABLE_STRICT_OBJC_MSGSEND = YES;
				GCC_C_LANGUAGE_STANDARD = gnu99;
				GCC_NO_COMMON_BLOCKS = YES;
				GCC_WARN_64_TO_32_BIT_CONVERSION = YES;
				GCC_WARN_ABOUT_RETURN_TYPE = YES_ERROR;
				GCC_WARN_UNDECLARED_SELECTOR = YES;
				GCC_WARN_UNINITIALIZED_AUTOS = YES_AGGRESSIVE;
				GCC_WARN_UNUSED_FUNCTION = YES;
				GCC_WARN_UNUSED_VARIABLE = YES;
				IPHONEOS_DEPLOYMENT_TARGET = 10.1;
				MTL_ENABLE_DEBUG_INFO = NO;
				SDKROOT = iphoneos;
				SWIFT_OPTIMIZATION_LEVEL = "-Owholemodule";
				TARGETED_DEVICE_FAMILY = "1,2";
				VALIDATE_PRODUCT = YES;
			};
			name = Release;
		};
		DCE125CA1DE6EDF0003EFC56 /* Debug */ = {
			isa = XCBuildConfiguration;
			baseConfigurationReference = 11F8C2B25C0ABD25B2E1B4CF /* Pods-ChatExample.debug.xcconfig */;
			buildSettings = {
				ASSETCATALOG_COMPILER_APPICON_NAME = AppIcon;
				DEVELOPMENT_TEAM = Y49MTY8CU2;
				INFOPLIST_FILE = ChatExample/Info.plist;
				LD_RUNPATH_SEARCH_PATHS = "$(inherited) @executable_path/Frameworks";
				PRODUCT_BUNDLE_IDENTIFIER = com.flatstack.ChatExample;
				PRODUCT_NAME = "$(TARGET_NAME)";
				SWIFT_VERSION = 3.0;
			};
			name = Debug;
		};
		DCE125CB1DE6EDF0003EFC56 /* Release */ = {
			isa = XCBuildConfiguration;
			baseConfigurationReference = A9508C93FE599B6AA90E9677 /* Pods-ChatExample.release.xcconfig */;
			buildSettings = {
				ASSETCATALOG_COMPILER_APPICON_NAME = AppIcon;
				DEVELOPMENT_TEAM = Y49MTY8CU2;
				INFOPLIST_FILE = ChatExample/Info.plist;
				LD_RUNPATH_SEARCH_PATHS = "$(inherited) @executable_path/Frameworks";
				PRODUCT_BUNDLE_IDENTIFIER = com.flatstack.ChatExample;
				PRODUCT_NAME = "$(TARGET_NAME)";
				SWIFT_VERSION = 3.0;
			};
			name = Release;
		};
/* End XCBuildConfiguration section */

/* Begin XCConfigurationList section */
		DCE125B21DE6EDF0003EFC56 /* Build configuration list for PBXProject "ChatExample" */ = {
			isa = XCConfigurationList;
			buildConfigurations = (
				DCE125C71DE6EDF0003EFC56 /* Debug */,
				DCE125C81DE6EDF0003EFC56 /* Release */,
			);
			defaultConfigurationIsVisible = 0;
			defaultConfigurationName = Release;
		};
		DCE125C91DE6EDF0003EFC56 /* Build configuration list for PBXNativeTarget "ChatExample" */ = {
			isa = XCConfigurationList;
			buildConfigurations = (
				DCE125CA1DE6EDF0003EFC56 /* Debug */,
				DCE125CB1DE6EDF0003EFC56 /* Release */,
			);
			defaultConfigurationIsVisible = 0;
			defaultConfigurationName = Release;
		};
/* End XCConfigurationList section */
	};
	rootObject = DCE125AF1DE6EDF0003EFC56 /* Project object */;
}
